PODS:
  - GoogleAds-IMA-iOS-SDK (3.14.5)
  - GSPlayer (0.2.26)

DEPENDENCIES:
  - GoogleAds-IMA-iOS-SDK (~> 3.14.5)
  - GSPlayer

SPEC REPOS:
  trunk:
    - GoogleAds-IMA-iOS-SDK
    - GSPlayer

SPEC CHECKSUMS:
  GoogleAds-IMA-iOS-SDK: b088674002266c5638e73d10696c8b13872ee15e
  GSPlayer: 1ee7c282d6e6125ca9c0c684d91b8a31512ccfe6

PODFILE CHECKSUM: 7c3869772b9c267a6b92e06b4587413e7e4ccccd

COCOAPODS: 1.15.2
